
Microsoft Visual Studio Solution File, Format Version 12.00
# Visual Studio Version 16
VisualStudioVersion = 16.0.30406.217
MinimumVisualStudioVersion = 10.0.40219.1
Project("{FAE04EC0-301F-11D3-BF4B-00C04F79EFBC}") = "Inheritance_Constructor", "Inheritance_Constructor\Inheritance_Constructor.csproj", "{DA324029-48CA-4BD9-AC58-DFBC3BD4EA66}"
EndProject
Global
	GlobalSection(SolutionConfigurationPlatforms) = preSolution
		Debug|Any CPU = Debug|Any CPU
		Release|Any CPU = Release|Any CPU
	EndGlobalSection
	GlobalSection(ProjectConfigurationPlatforms) = postSolution
		{DA324029-48CA-4BD9-AC58-DFBC3BD4EA66}.Debug|Any CPU.ActiveCfg = Debug|Any CPU
		{DA324029-48CA-4BD9-AC58-DFBC3BD4EA66}.Debug|Any CPU.Build.0 = Debug|Any CPU
		{DA324029-48CA-4BD9-AC58-DFBC3BD4EA66}.Release|Any CPU.ActiveCfg = Release|Any CPU
		{DA324029-48CA-4BD9-AC58-DFBC3BD4EA66}.Release|Any CPU.Build.0 = Release|Any CPU
	EndGlobalSection
	GlobalSection(SolutionProperties) = preSolution
		HideSolutionNode = FALSE
	EndGlobalSection
	GlobalSection(ExtensibilityGlobals) = postSolution
		SolutionGuid = {EC668E7A-8C7C-48FF-B22B-BA0107E97050}
	EndGlobalSection
EndGlobal
